// !$*UTF8*$!
{
	archiveVersion = 1;
	classes = {
	};
	objectVersion = 77;
	objects = {

/* Begin PBXBuildFile section */
		5F3C37802F2CD600005C8ADE /* FunCore in Frameworks */ = {isa = PBXBuildFile; productRef = 5F3C37702F2CD600005C8ADE /* FunCore */; };
		5F3C37812F2CD600005C8ADE /* FunModel in Frameworks */ = {isa = PBXBuildFile; productRef = 5F3C37712F2CD600005C8ADE /* FunModel */; };
		5F3C37822F2CD600005C8ADE /* FunServices in Frameworks */ = {isa = PBXBuildFile; productRef = 5F3C37722F2CD600005C8ADE /* FunServices */; };
		5F3C37832F2CD600005C8ADE /* FunViewModel in Frameworks */ = {isa = PBXBuildFile; productRef = 5F3C37732F2CD600005C8ADE /* FunViewModel */; };
		5F3C37842F2CD600005C8ADE /* FunUI in Frameworks */ = {isa = PBXBuildFile; productRef = 5F3C37742F2CD600005C8ADE /* FunUI */; };
		5F3C37852F2CD600005C8ADE /* FunCoordinator in Frameworks */ = {isa = PBXBuildFile; productRef = 5F3C37752F2CD600005C8ADE /* FunCoordinator */; };
/* End PBXBuildFile section */

/* Begin PBXFileReference section */
		5F3C37132F2CD54F005C8ADE /* FunApp.app */ = {isa = PBXFileReference; explicitFileType = wrapper.application; includeInIndex = 0; path = FunApp.app; sourceTree = BUILT_PRODUCTS_DIR; };
/* End PBXFileReference section */

/* Begin PBXFileSystemSynchronizedBuildFileExceptionSet section */
		5F3C373B2F2CD551005C8ADE /* Exceptions for "FunApp" folder in "FunApp" target */ = {
			isa = PBXFileSystemSynchronizedBuildFileExceptionSet;
			membershipExceptions = (
				Info.plist,
			);
			target = 5F3C37122F2CD54F005C8ADE /* FunApp */;
		};
/* End PBXFileSystemSynchronizedBuildFileExceptionSet section */

/* Begin PBXFileSystemSynchronizedRootGroup section */
		5F3C37152F2CD54F005C8ADE /* FunApp */ = {
			isa = PBXFileSystemSynchronizedRootGroup;
			exceptions = (
				5F3C373B2F2CD551005C8ADE /* Exceptions for "FunApp" folder in "FunApp" target */,
			);
			path = FunApp;
			sourceTree = "<group>";
		};
/* End PBXFileSystemSynchronizedRootGroup section */

/* Begin PBXFrameworksBuildPhase section */
		5F3C37102F2CD54F005C8ADE /* Frameworks */ = {
			isa = PBXFrameworksBuildPhase;
			buildActionMask = 2147483647;
			files = (
				5F3C37802F2CD600005C8ADE /* FunCore in Frameworks */,
				5F3C37812F2CD600005C8ADE /* FunModel in Frameworks */,
				5F3C37822F2CD600005C8ADE /* FunServices in Frameworks */,
				5F3C37832F2CD600005C8ADE /* FunViewModel in Frameworks */,
				5F3C37842F2CD600005C8ADE /* FunUI in Frameworks */,
				5F3C37852F2CD600005C8ADE /* FunCoordinator in Frameworks */,
			);
			runOnlyForDeploymentPostprocessing = 0;
		};
/* End PBXFrameworksBuildPhase section */

/* Begin PBXGroup section */
		5F3C370A2F2CD54F005C8ADE = {
			isa = PBXGroup;
			children = (
				5F3C37152F2CD54F005C8ADE /* FunApp */,
				5F3C37142F2CD54F005C8ADE /* Products */,
			);
			sourceTree = "<group>";
		};
		5F3C37142F2CD54F005C8ADE /* Products */ = {
			isa = PBXGroup;
			children = (
				5F3C37132F2CD54F005C8ADE /* FunApp.app */,
			);
			name = Products;
			sourceTree = "<group>";
		};
/* End PBXGroup section */

/* Begin PBXNativeTarget section */
		5F3C37122F2CD54F005C8ADE /* FunApp */ = {
			isa = PBXNativeTarget;
			buildConfigurationList = 5F3C373C2F2CD551005C8ADE /* Build configuration list for PBXNativeTarget "FunApp" */;
			buildPhases = (
				5F3C37512F2CD600005C8ADE /* SwiftLint */,
				5F3C37522F2CD600005C8ADE /* SwiftGen */,
				5F3C370F2F2CD54F005C8ADE /* Sources */,
				5F3C37102F2CD54F005C8ADE /* Frameworks */,
				5F3C37112F2CD54F005C8ADE /* Resources */,
			);
			buildRules = (
			);
			dependencies = (
			);
			fileSystemSynchronizedGroups = (
				5F3C37152F2CD54F005C8ADE /* FunApp */,
			);
			name = FunApp;
			packageProductDependencies = (
				5F3C37702F2CD600005C8ADE /* FunCore */,
				5F3C37712F2CD600005C8ADE /* FunModel */,
				5F3C37722F2CD600005C8ADE /* FunServices */,
				5F3C37732F2CD600005C8ADE /* FunViewModel */,
				5F3C37742F2CD600005C8ADE /* FunUI */,
				5F3C37752F2CD600005C8ADE /* FunCoordinator */,
			);
			productName = FunApp;
			productReference = 5F3C37132F2CD54F005C8ADE /* FunApp.app */;
			productType = "com.apple.product-type.application";
		};
/* End PBXNativeTarget section */

/* Begin PBXProject section */
		5F3C370B2F2CD54F005C8ADE /* Project object */ = {
			isa = PBXProject;
			attributes = {
				BuildIndependentTargetsInParallel = 1;
				LastSwiftUpdateCheck = 2620;
				LastUpgradeCheck = 2620;
				TargetAttributes = {
					5F3C37122F2CD54F005C8ADE = {
						CreatedOnToolsVersion = 26.2;
					};
				};
			};
			buildConfigurationList = 5F3C370E2F2CD54F005C8ADE /* Build configuration list for PBXProject "FunApp" */;
			developmentRegion = en;
			hasScannedForEncodings = 0;
			knownRegions = (
				en,
				Base,
			);
			mainGroup = 5F3C370A2F2CD54F005C8ADE;
			minimizedProjectReferenceProxies = 1;
			packageReferences = (
				5F3C37602F2CD600005C8ADE /* XCLocalSwiftPackageReference "../Core" */,
				5F3C37612F2CD600005C8ADE /* XCLocalSwiftPackageReference "../Model" */,
				5F3C37622F2CD600005C8ADE /* XCLocalSwiftPackageReference "../Services" */,
				5F3C37632F2CD600005C8ADE /* XCLocalSwiftPackageReference "../ViewModel" */,
				5F3C37642F2CD600005C8ADE /* XCLocalSwiftPackageReference "../UI" */,
				5F3C37652F2CD600005C8ADE /* XCLocalSwiftPackageReference "../Coordinator" */,
			);
			preferredProjectObjectVersion = 77;
			productRefGroup = 5F3C37142F2CD54F005C8ADE /* Products */;
			projectDirPath = "";
			projectRoot = "";
			targets = (
				5F3C37122F2CD54F005C8ADE /* FunApp */,
			);
		};
/* End PBXProject section */

/* Begin PBXResourcesBuildPhase section */
		5F3C37112F2CD54F005C8ADE /* Resources */ = {
			isa = PBXResourcesBuildPhase;
			buildActionMask = 2147483647;
			files = (
			);
			runOnlyForDeploymentPostprocessing = 0;
		};
/* End PBXResourcesBuildPhase section */

/* Begin PBXShellScriptBuildPhase section */
		5F3C37512F2CD600005C8ADE /* SwiftLint */ = {
			isa = PBXShellScriptBuildPhase;
			alwaysOutOfDate = 1;
			buildActionMask = 2147483647;
			files = (
			);
			inputFileListPaths = (
			);
			inputPaths = (
			);
			name = SwiftLint;
			outputFileListPaths = (
			);
			outputPaths = (
			);
			runOnlyForDeploymentPostprocessing = 0;
			shellPath = /bin/sh;
			shellScript = "export PATH=\"/opt/homebrew/bin:$PATH\"\nif which swiftlint >/dev/null; then\n  swiftlint lint --config \"${SRCROOT}/../.swiftlint.yml\"\nelse\n  echo \"warning: SwiftLint not installed, download from https://github.com/realm/SwiftLint\"\nfi\n";
		};
		5F3C37522F2CD600005C8ADE /* SwiftGen */ = {
			isa = PBXShellScriptBuildPhase;
			alwaysOutOfDate = 1;
			buildActionMask = 2147483647;
			files = (
			);
			inputFileListPaths = (
			);
			inputPaths = (
			);
			name = SwiftGen;
			outputFileListPaths = (
			);
			outputPaths = (
			);
			runOnlyForDeploymentPostprocessing = 0;
			shellPath = /bin/sh;
			shellScript = "export PATH=\"/opt/homebrew/bin:$PATH\"\nif which swiftgen >/dev/null; then\n  cd \"${SRCROOT}/../Core\"\n  swiftgen config run --config swiftgen.yml\nelse\n  echo \"warning: SwiftGen not installed, download from https://github.com/SwiftGen/SwiftGen\"\nfi\n";
		};
/* End PBXShellScriptBuildPhase section */

/* Begin PBXSourcesBuildPhase section */
		5F3C370F2F2CD54F005C8ADE /* Sources */ = {
			isa = PBXSourcesBuildPhase;
			buildActionMask = 2147483647;
			files = (
			);
			runOnlyForDeploymentPostprocessing = 0;
		};
/* End PBXSourcesBuildPhase section */

/* Begin XCBuildConfiguration section */
		5F3C373D2F2CD551005C8ADE /* Debug */ = {
			isa = XCBuildConfiguration;
			buildSettings = {
				ASSETCATALOG_COMPILER_APPICON_NAME = AppIcon;
				ASSETCATALOG_COMPILER_GLOBAL_ACCENT_COLOR_NAME = AccentColor;
				CODE_SIGN_STYLE = Automatic;
				CURRENT_PROJECT_VERSION = 1;
				DEVELOPMENT_TEAM = D7HS875U2Q;
				GENERATE_INFOPLIST_FILE = YES;
				INFOPLIST_FILE = FunApp/Info.plist;
				INFOPLIST_KEY_UIApplicationSupportsIndirectInputEvents = YES;
				INFOPLIST_KEY_UILaunchStoryboardName = LaunchScreen;
				INFOPLIST_KEY_UISupportedInterfaceOrientations_iPad = "UIInterfaceOrientationPortrait UIInterfaceOrientationPortraitUpsideDown UIInterfaceOrientationLandscapeLeft UIInterfaceOrientationLandscapeRight";
				INFOPLIST_KEY_UISupportedInterfaceOrientations_iPhone = "UIInterfaceOrientationPortrait UIInterfaceOrientationLandscapeLeft UIInterfaceOrientationLandscapeRight";
				LD_RUNPATH_SEARCH_PATHS = (
					"$(inherited)",
					"@executable_path/Frameworks",
				);
				MARKETING_VERSION = 2.0.0;
				PRODUCT_BUNDLE_IDENTIFIER = com.charles.wang.FunApp;
				PRODUCT_NAME = "$(TARGET_NAME)";
				STRING_CATALOG_GENERATE_SYMBOLS = YES;
				SWIFT_APPROACHABLE_CONCURRENCY = YES;
				SWIFT_DEFAULT_ACTOR_ISOLATION = MainActor;
				SWIFT_EMIT_LOC_STRINGS = YES;
				SWIFT_UPCOMING_FEATURE_MEMBER_IMPORT_VISIBILITY = YES;
				SWIFT_VERSION = 5.0;
				TARGETED_DEVICE_FAMILY = "1,2";
			};
			name = Debug;
		};
		5F3C373E2F2CD551005C8ADE /* Release */ = {
			isa = XCBuildConfiguration;
			buildSettings = {
				ASSETCATALOG_COMPILER_APPICON_NAME = AppIcon;
				ASSETCATALOG_COMPILER_GLOBAL_ACCENT_COLOR_NAME = AccentColor;
				CODE_SIGN_STYLE = Automatic;
				CURRENT_PROJECT_VERSION = 1;
				DEVELOPMENT_TEAM = D7HS875U2Q;
				GENERATE_INFOPLIST_FILE = YES;
				INFOPLIST_FILE = FunApp/Info.plist;
				INFOPLIST_KEY_UIApplicationSupportsIndirectInputEvents = YES;
				INFOPLIST_KEY_UILaunchStoryboardName = LaunchScreen;
				INFOPLIST_KEY_UISupportedInterfaceOrientations_iPad = "UIInterfaceOrientationPortrait UIInterfaceOrientationPortraitUpsideDown UIInterfaceOrientationLandscapeLeft UIInterfaceOrientationLandscapeRight";
				INFOPLIST_KEY_UISupportedInterfaceOrientations_iPhone = "UIInterfaceOrientationPortrait UIInterfaceOrientationLandscapeLeft UIInterfaceOrientationLandscapeRight";
				LD_RUNPATH_SEARCH_PATHS = (
					"$(inherited)",
					"@executable_path/Frameworks",
				);
				MARKETING_VERSION = 2.0.0;
				PRODUCT_BUNDLE_IDENTIFIER = com.charles.wang.FunApp;
				PRODUCT_NAME = "$(TARGET_NAME)";
				STRING_CATALOG_GENERATE_SYMBOLS = YES;
				SWIFT_APPROACHABLE_CONCURRENCY = YES;
				SWIFT_DEFAULT_ACTOR_ISOLATION = MainActor;
				SWIFT_EMIT_LOC_STRINGS = YES;
				SWIFT_UPCOMING_FEATURE_MEMBER_IMPORT_VISIBILITY = YES;
				SWIFT_VERSION = 5.0;
				TARGETED_DEVICE_FAMILY = "1,2";
			};
			name = Release;
		};
		5F3C373F2F2CD551005C8ADE /* Debug */ = {
			isa = XCBuildConfiguration;
			buildSettings = {
				ALWAYS_SEARCH_USER_PATHS = NO;
				ASSETCATALOG_COMPILER_GENERATE_SWIFT_ASSET_SYMBOL_EXTENSIONS = YES;
				CLANG_ANALYZER_NONNULL = YES;
				CLANG_ANALYZER_NUMBER_OBJECT_CONVERSION = YES_AGGRESSIVE;
				CLANG_CXX_LANGUAGE_STANDARD = "gnu++20";
				CLANG_ENABLE_MODULES = YES;
				CLANG_ENABLE_OBJC_ARC = YES;
				CLANG_ENABLE_OBJC_WEAK = YES;
				CLANG_WARN_BLOCK_CAPTURE_AUTORELEASING = YES;
				CLANG_WARN_BOOL_CONVERSION = YES;
				CLANG_WARN_COMMA = YES;
				CLANG_WARN_CONSTANT_CONVERSION = YES;
				CLANG_WARN_DEPRECATED_OBJC_IMPLEMENTATIONS = YES;
				CLANG_WARN_DIRECT_OBJC_ISA_USAGE = YES_ERROR;
				CLANG_WARN_DOCUMENTATION_COMMENTS = YES;
				CLANG_WARN_EMPTY_BODY = YES;
				CLANG_WARN_ENUM_CONVERSION = YES;
				CLANG_WARN_INFINITE_RECURSION = YES;
				CLANG_WARN_INT_CONVERSION = YES;
				CLANG_WARN_NON_LITERAL_NULL_CONVERSION = YES;
				CLANG_WARN_OBJC_IMPLICIT_RETAIN_SELF = YES;
				CLANG_WARN_OBJC_LITERAL_CONVERSION = YES;
				CLANG_WARN_OBJC_ROOT_CLASS = YES_ERROR;
				CLANG_WARN_QUOTED_INCLUDE_IN_FRAMEWORK_HEADER = YES;
				CLANG_WARN_RANGE_LOOP_ANALYSIS = YES;
				CLANG_WARN_STRICT_PROTOTYPES = YES;
				CLANG_WARN_SUSPICIOUS_MOVE = YES;
				CLANG_WARN_UNGUARDED_AVAILABILITY = YES_AGGRESSIVE;
				CLANG_WARN_UNREACHABLE_CODE = YES;
				CLANG_WARN__DUPLICATE_METHOD_MATCH = YES;
				COPY_PHASE_STRIP = NO;
				DEBUG_INFORMATION_FORMAT = dwarf;
				ENABLE_STRICT_OBJC_MSGSEND = YES;
				ENABLE_TESTABILITY = YES;
				ENABLE_USER_SCRIPT_SANDBOXING = YES;
				GCC_C_LANGUAGE_STANDARD = gnu17;
				GCC_DYNAMIC_NO_PIC = NO;
				GCC_NO_COMMON_BLOCKS = YES;
				GCC_OPTIMIZATION_LEVEL = 0;
				GCC_PREPROCESSOR_DEFINITIONS = (
					"DEBUG=1",
					"$(inherited)",
				);
				GCC_WARN_64_TO_32_BIT_CONVERSION = YES;
				GCC_WARN_ABOUT_RETURN_TYPE = YES_ERROR;
				GCC_WARN_UNDECLARED_SELECTOR = YES;
				GCC_WARN_UNINITIALIZED_AUTOS = YES_AGGRESSIVE;
				GCC_WARN_UNUSED_FUNCTION = YES;
				GCC_WARN_UNUSED_VARIABLE = YES;
				IPHONEOS_DEPLOYMENT_TARGET = 26.2;
				LOCALIZATION_PREFERS_STRING_CATALOGS = YES;
				MTL_ENABLE_DEBUG_INFO = INCLUDE_SOURCE;
				MTL_FAST_MATH = YES;
				ONLY_ACTIVE_ARCH = YES;
				SDKROOT = iphoneos;
				SWIFT_ACTIVE_COMPILATION_CONDITIONS = "DEBUG $(inherited)";
				SWIFT_OPTIMIZATION_LEVEL = "-Onone";
			};
			name = Debug;
		};
		5F3C37402F2CD551005C8ADE /* Release */ = {
			isa = XCBuildConfiguration;
			buildSettings = {
				ALWAYS_SEARCH_USER_PATHS = NO;
				ASSETCATALOG_COMPILER_GENERATE_SWIFT_ASSET_SYMBOL_EXTENSIONS = YES;
				CLANG_ANALYZER_NONNULL = YES;
				CLANG_ANALYZER_NUMBER_OBJECT_CONVERSION = YES_AGGRESSIVE;
				CLANG_CXX_LANGUAGE_STANDARD = "gnu++20";
				CLANG_ENABLE_MODULES = YES;
				CLANG_ENABLE_OBJC_ARC = YES;
				CLANG_ENABLE_OBJC_WEAK = YES;
				CLANG_WARN_BLOCK_CAPTURE_AUTORELEASING = YES;
				CLANG_WARN_BOOL_CONVERSION = YES;
				CLANG_WARN_COMMA = YES;
				CLANG_WARN_CONSTANT_CONVERSION = YES;
				CLANG_WARN_DEPRECATED_OBJC_IMPLEMENTATIONS = YES;
				CLANG_WARN_DIRECT_OBJC_ISA_USAGE = YES_ERROR;
				CLANG_WARN_DOCUMENTATION_COMMENTS = YES;
				CLANG_WARN_EMPTY_BODY = YES;
				CLANG_WARN_ENUM_CONVERSION = YES;
				CLANG_WARN_INFINITE_RECURSION = YES;
				CLANG_WARN_INT_CONVERSION = YES;
				CLANG_WARN_NON_LITERAL_NULL_CONVERSION = YES;
				CLANG_WARN_OBJC_IMPLICIT_RETAIN_SELF = YES;
				CLANG_WARN_OBJC_LITERAL_CONVERSION = YES;
				CLANG_WARN_OBJC_ROOT_CLASS = YES_ERROR;
				CLANG_WARN_QUOTED_INCLUDE_IN_FRAMEWORK_HEADER = YES;
				CLANG_WARN_RANGE_LOOP_ANALYSIS = YES;
				CLANG_WARN_STRICT_PROTOTYPES = YES;
				CLANG_WARN_SUSPICIOUS_MOVE = YES;
				CLANG_WARN_UNGUARDED_AVAILABILITY = YES_AGGRESSIVE;
				CLANG_WARN_UNREACHABLE_CODE = YES;
				CLANG_WARN__DUPLICATE_METHOD_MATCH = YES;
				COPY_PHASE_STRIP = NO;
				DEBUG_INFORMATION_FORMAT = "dwarf-with-dsym";
				ENABLE_NS_ASSERTIONS = NO;
				ENABLE_STRICT_OBJC_MSGSEND = YES;
				ENABLE_USER_SCRIPT_SANDBOXING = YES;
				GCC_C_LANGUAGE_STANDARD = gnu17;
				GCC_NO_COMMON_BLOCKS = YES;
				GCC_WARN_64_TO_32_BIT_CONVERSION = YES;
				GCC_WARN_ABOUT_RETURN_TYPE = YES_ERROR;
				GCC_WARN_UNDECLARED_SELECTOR = YES;
				GCC_WARN_UNINITIALIZED_AUTOS = YES_AGGRESSIVE;
				GCC_WARN_UNUSED_FUNCTION = YES;
				GCC_WARN_UNUSED_VARIABLE = YES;
				IPHONEOS_DEPLOYMENT_TARGET = 26.2;
				LOCALIZATION_PREFERS_STRING_CATALOGS = YES;
				MTL_ENABLE_DEBUG_INFO = NO;
				MTL_FAST_MATH = YES;
				SDKROOT = iphoneos;
				SWIFT_COMPILATION_MODE = wholemodule;
				VALIDATE_PRODUCT = YES;
			};
			name = Release;
		};
/* End XCBuildConfiguration section */

/* Begin XCConfigurationList section */
		5F3C370E2F2CD54F005C8ADE /* Build configuration list for PBXProject "FunApp" */ = {
			isa = XCConfigurationList;
			buildConfigurations = (
				5F3C373F2F2CD551005C8ADE /* Debug */,
				5F3C37402F2CD551005C8ADE /* Release */,
			);
			defaultConfigurationIsVisible = 0;
			defaultConfigurationName = Release;
		};
		5F3C373C2F2CD551005C8ADE /* Build configuration list for PBXNativeTarget "FunApp" */ = {
			isa = XCConfigurationList;
			buildConfigurations = (
				5F3C373D2F2CD551005C8ADE /* Debug */,
				5F3C373E2F2CD551005C8ADE /* Release */,
			);
			defaultConfigurationIsVisible = 0;
			defaultConfigurationName = Release;
		};
/* End XCConfigurationList section */

/* Begin XCLocalSwiftPackageReference section */
		5F3C37602F2CD600005C8ADE /* XCLocalSwiftPackageReference "../Core" */ = {
			isa = XCLocalSwiftPackageReference;
			relativePath = ../Core;
		};
		5F3C37612F2CD600005C8ADE /* XCLocalSwiftPackageReference "../Model" */ = {
			isa = XCLocalSwiftPackageReference;
			relativePath = ../Model;
		};
		5F3C37622F2CD600005C8ADE /* XCLocalSwiftPackageReference "../Services" */ = {
			isa = XCLocalSwiftPackageReference;
			relativePath = ../Services;
		};
		5F3C37632F2CD600005C8ADE /* XCLocalSwiftPackageReference "../ViewModel" */ = {
			isa = XCLocalSwiftPackageReference;
			relativePath = ../ViewModel;
		};
		5F3C37642F2CD600005C8ADE /* XCLocalSwiftPackageReference "../UI" */ = {
			isa = XCLocalSwiftPackageReference;
			relativePath = ../UI;
		};
		5F3C37652F2CD600005C8ADE /* XCLocalSwiftPackageReference "../Coordinator" */ = {
			isa = XCLocalSwiftPackageReference;
			relativePath = ../Coordinator;
		};
/* End XCLocalSwiftPackageReference section */

/* Begin XCSwiftPackageProductDependency section */
		5F3C37702F2CD600005C8ADE /* FunCore */ = {
			isa = XCSwiftPackageProductDependency;
			productName = FunCore;
		};
		5F3C37712F2CD600005C8ADE /* FunModel */ = {
			isa = XCSwiftPackageProductDependency;
			productName = FunModel;
		};
		5F3C37722F2CD600005C8ADE /* FunServices */ = {
			isa = XCSwiftPackageProductDependency;
			productName = FunServices;
		};
		5F3C37732F2CD600005C8ADE /* FunViewModel */ = {
			isa = XCSwiftPackageProductDependency;
			productName = FunViewModel;
		};
		5F3C37742F2CD600005C8ADE /* FunUI */ = {
			isa = XCSwiftPackageProductDependency;
			productName = FunUI;
		};
		5F3C37752F2CD600005C8ADE /* FunCoordinator */ = {
			isa = XCSwiftPackageProductDependency;
			productName = FunCoordinator;
		};
/* End XCSwiftPackageProductDependency section */
	};
	rootObject = 5F3C370B2F2CD54F005C8ADE /* Project object */;
}
